
Microsoft Visual Studio Solution File, Format Version 12.00
# Visual Studio 2012
Project("{FAE04EC0-301F-11D3-BF4B-00C04F79EFBC}") = "CustomChrome", "CustomChrome\CustomChrome.csproj", "{9F47E659-C8E3-4410-9BB0-6CDE33098F5B}"
EndProject
Project("{FAE04EC0-301F-11D3-BF4B-00C04F79EFBC}") = "CustomChrome.Demo", "CustomChrome.Demo\CustomChrome.Demo.csproj", "{416BEB07-017A-4084-9CF1-A042450C7D5B}"
EndProject
Global
	GlobalSection(SolutionConfigurationPlatforms) = preSolution
		Debug|Any CPU = Debug|Any CPU
		Release|Any CPU = Release|Any CPU
	EndGlobalSection
	GlobalSection(ProjectConfigurationPlatforms) = postSolution
		{9F47E659-C8E3-4410-9BB0-6CDE33098F5B}.Debug|Any CPU.ActiveCfg = Debug|Any CPU
		{9F47E659-C8E3-4410-9BB0-6CDE33098F5B}.Debug|Any CPU.Build.0 = Debug|Any CPU
		{9F47E659-C8E3-4410-9BB0-6CDE33098F5B}.Release|Any CPU.ActiveCfg = Release|Any CPU
		{9F47E659-C8E3-4410-9BB0-6CDE33098F5B}.Release|Any CPU.Build.0 = Release|Any CPU
		{416BEB07-017A-4084-9CF1-A042450C7D5B}.Debug|Any CPU.ActiveCfg = Debug|Any CPU
		{416BEB07-017A-4084-9CF1-A042450C7D5B}.Debug|Any CPU.Build.0 = Debug|Any CPU
		{416BEB07-017A-4084-9CF1-A042450C7D5B}.Release|Any CPU.ActiveCfg = Release|Any CPU
		{416BEB07-017A-4084-9CF1-A042450C7D5B}.Release|Any CPU.Build.0 = Release|Any CPU
	EndGlobalSection
	GlobalSection(SolutionProperties) = preSolution
		HideSolutionNode = FALSE
	EndGlobalSection
EndGlobal
